
Microsoft Visual Studio Solution File, Format Version 12.00
# Visual Studio Version 16
VisualStudioVersion = 16.0.30717.126
MinimumVisualStudioVersion = 10.0.40219.1
Project("{FAE04EC0-301F-11D3-BF4B-00C04F79EFBC}") = "HospitalAutomation", "HospitalAutomation\HospitalAutomation.csproj", "{B46FE38D-C7E0-41CB-8626-8084CD1E7E6A}"
EndProject
Global
	GlobalSection(SolutionConfigurationPlatforms) = preSolution
		Debug|Any CPU = Debug|Any CPU
		Release|Any CPU = Release|Any CPU
	EndGlobalSection
	GlobalSection(ProjectConfigurationPlatforms) = postSolution
		{B46FE38D-C7E0-41CB-8626-8084CD1E7E6A}.Debug|Any CPU.ActiveCfg = Debug|Any CPU
		{B46FE38D-C7E0-41CB-8626-8084CD1E7E6A}.Debug|Any CPU.Build.0 = Debug|Any CPU
		{B46FE38D-C7E0-41CB-8626-8084CD1E7E6A}.Release|Any CPU.ActiveCfg = Release|Any CPU
		{B46FE38D-C7E0-41CB-8626-8084CD1E7E6A}.Release|Any CPU.Build.0 = Release|Any CPU
	EndGlobalSection
	GlobalSection(SolutionProperties) = preSolution
		HideSolutionNode = FALSE
	EndGlobalSection
	GlobalSection(ExtensibilityGlobals) = postSolution
		SolutionGuid = {6F42643B-7448-493A-8245-1DB9C733D70D}
	EndGlobalSection
EndGlobal
